// !$*UTF8*$!
{
	archiveVersion = 1;
	classes = {
	};
	objectVersion = 46;
	objects = {

/* Begin PBXBuildFile section */
		3B20B8E013C999B9001B3593 /* Cocoa.framework in Frameworks */ = {isa = PBXBuildFile; fileRef = 3B20B8DF13C999B9001B3593 /* Cocoa.framework */; };
		3B20B8EA13C999B9001B3593 /* InfoPlist.strings in Resources */ = {isa = PBXBuildFile; fileRef = 3B20B8E813C999B9001B3593 /* InfoPlist.strings */; };
		3B20B8ED13C999B9001B3593 /* main.m in Sources */ = {isa = PBXBuildFile; fileRef = 3B20B8EC13C999B9001B3593 /* main.m */; };
		3B20B8F013C999B9001B3593 /* Credits.rtf in Resources */ = {isa = PBXBuildFile; fileRef = 3B20B8EE13C999B9001B3593 /* Credits.rtf */; };
		3B20B8F313C999B9001B3593 /* Twitter_Secret_EnablerAppDelegate.m in Sources */ = {isa = PBXBuildFile; fileRef = 3B20B8F213C999B9001B3593 /* Twitter_Secret_EnablerAppDelegate.m */; };
		3B20B8F613C999B9001B3593 /* MainMenu.xib in Resources */ = {isa = PBXBuildFile; fileRef = 3B20B8F413C999B9001B3593 /* MainMenu.xib */; };
		3B20B9EF13C9B329001B3593 /* INAppStoreWindow.m in Sources */ = {isa = PBXBuildFile; fileRef = 3B20B9EE13C9B329001B3593 /* INAppStoreWindow.m */; };
		3B4C6F1513CA3E780053BE86 /* NSAttributedString+Hyperlink.m in Sources */ = {isa = PBXBuildFile; fileRef = 3B4C6F1413CA3E780053BE86 /* NSAttributedString+Hyperlink.m */; };
/* End PBXBuildFile section */

/* Begin PBXFileReference section */
		3B20B8DB13C999B9001B3593 /* Twitter Secret Enabler.app */ = {isa = PBXFileReference; explicitFileType = wrapper.application; includeInIndex = 0; path = "Twitter Secret Enabler.app"; sourceTree = BUILT_PRODUCTS_DIR; };
		3B20B8DF13C999B9001B3593 /* Cocoa.framework */ = {isa = PBXFileReference; lastKnownFileType = wrapper.framework; name = Cocoa.framework; path = System/Library/Frameworks/Cocoa.framework; sourceTree = SDKROOT; };
		3B20B8E213C999B9001B3593 /* AppKit.framework */ = {isa = PBXFileReference; lastKnownFileType = wrapper.framework; name = AppKit.framework; path = System/Library/Frameworks/AppKit.framework; sourceTree = SDKROOT; };
		3B20B8E313C999B9001B3593 /* CoreData.framework */ = {isa = PBXFileReference; lastKnownFileType = wrapper.framework; name = CoreData.framework; path = System/Library/Frameworks/CoreData.framework; sourceTree = SDKROOT; };
		3B20B8E413C999B9001B3593 /* Foundation.framework */ = {isa = PBXFileReference; lastKnownFileType = wrapper.framework; name = Foundation.framework; path = System/Library/Frameworks/Foundation.framework; sourceTree = SDKROOT; };
		3B20B8E713C999B9001B3593 /* Twitter Secret Enabler-Info.plist */ = {isa = PBXFileReference; lastKnownFileType = text.plist.xml; path = "Twitter Secret Enabler-Info.plist"; sourceTree = "<group>"; };
		3B20B8E913C999B9001B3593 /* en */ = {isa = PBXFileReference; lastKnownFileType = text.plist.strings; name = en; path = en.lproj/InfoPlist.strings; sourceTree = "<group>"; };
		3B20B8EB13C999B9001B3593 /* Twitter Secret Enabler-Prefix.pch */ = {isa = PBXFileReference; lastKnownFileType = sourcecode.c.h; path = "Twitter Secret Enabler-Prefix.pch"; sourceTree = "<group>"; };
		3B20B8EC13C999B9001B3593 /* main.m */ = {isa = PBXFileReference; lastKnownFileType = sourcecode.c.objc; path = main.m; sourceTree = "<group>"; };
		3B20B8EF13C999B9001B3593 /* en */ = {isa = PBXFileReference; lastKnownFileType = text.rtf; name = en; path = en.lproj/Credits.rtf; sourceTree = "<group>"; };
		3B20B8F113C999B9001B3593 /* Twitter_Secret_EnablerAppDelegate.h */ = {isa = PBXFileReference; lastKnownFileType = sourcecode.c.h; path = Twitter_Secret_EnablerAppDelegate.h; sourceTree = "<group>"; };
		3B20B8F213C999B9001B3593 /* Twitter_Secret_EnablerAppDelegate.m */ = {isa = PBXFileReference; lastKnownFileType = sourcecode.c.objc; path = Twitter_Secret_EnablerAppDelegate.m; sourceTree = "<group>"; };
		3B20B8F513C999B9001B3593 /* en */ = {isa = PBXFileReference; lastKnownFileType = file.xib; name = en; path = en.lproj/MainMenu.xib; sourceTree = "<group>"; };
		3B20B9ED13C9B329001B3593 /* INAppStoreWindow.h */ = {isa = PBXFileReference; fileEncoding = 4; lastKnownFileType = sourcecode.c.h; path = INAppStoreWindow.h; sourceTree = "<group>"; };
		3B20B9EE13C9B329001B3593 /* INAppStoreWindow.m */ = {isa = PBXFileReference; fileEncoding = 4; lastKnownFileType = sourcecode.c.objc; path = INAppStoreWindow.m; sourceTree = "<group>"; };
		3B4C6F1313CA3E780053BE86 /* NSAttributedString+Hyperlink.h */ = {isa = PBXFileReference; fileEncoding = 4; lastKnownFileType = sourcecode.c.h; path = "NSAttributedString+Hyperlink.h"; sourceTree = "<group>"; };
		3B4C6F1413CA3E780053BE86 /* NSAttributedString+Hyperlink.m */ = {isa = PBXFileReference; fileEncoding = 4; lastKnownFileType = sourcecode.c.objc; path = "NSAttributedString+Hyperlink.m"; sourceTree = "<group>"; };
/* End PBXFileReference section */

/* Begin PBXFrameworksBuildPhase section */
		3B20B8D813C999B9001B3593 /* Frameworks */ = {
			isa = PBXFrameworksBuildPhase;
			buildActionMask = 2147483647;
			files = (
				3B20B8E013C999B9001B3593 /* Cocoa.framework in Frameworks */,
			);
			runOnlyForDeploymentPostprocessing = 0;
		};
/* End PBXFrameworksBuildPhase section */

/* Begin PBXGroup section */
		3B20B8D013C999B9001B3593 = {
			isa = PBXGroup;
			children = (
				3B20B8E513C999B9001B3593 /* Twitter Secret Enabler */,
				3B20B8DE13C999B9001B3593 /* Frameworks */,
				3B20B8DC13C999B9001B3593 /* Products */,
			);
			sourceTree = "<group>";
		};
		3B20B8DC13C999B9001B3593 /* Products */ = {
			isa = PBXGroup;
			children = (
				3B20B8DB13C999B9001B3593 /* Twitter Secret Enabler.app */,
			);
			name = Products;
			sourceTree = "<group>";
		};
		3B20B8DE13C999B9001B3593 /* Frameworks */ = {
			isa = PBXGroup;
			children = (
				3B20B8DF13C999B9001B3593 /* Cocoa.framework */,
				3B20B8E113C999B9001B3593 /* Other Frameworks */,
			);
			name = Frameworks;
			sourceTree = "<group>";
		};
		3B20B8E113C999B9001B3593 /* Other Frameworks */ = {
			isa = PBXGroup;
			children = (
				3B20B8E213C999B9001B3593 /* AppKit.framework */,
				3B20B8E313C999B9001B3593 /* CoreData.framework */,
				3B20B8E413C999B9001B3593 /* Foundation.framework */,
			);
			name = "Other Frameworks";
			sourceTree = "<group>";
		};
		3B20B8E513C999B9001B3593 /* Twitter Secret Enabler */ = {
			isa = PBXGroup;
			children = (
				3B20B8F113C999B9001B3593 /* Twitter_Secret_EnablerAppDelegate.h */,
				3B20B8F213C999B9001B3593 /* Twitter_Secret_EnablerAppDelegate.m */,
				3B20B8F413C999B9001B3593 /* MainMenu.xib */,
				3B20B8E613C999B9001B3593 /* Supporting Files */,
			);
			path = "Twitter Secret Enabler";
			sourceTree = "<group>";
		};
		3B20B8E613C999B9001B3593 /* Supporting Files */ = {
			isa = PBXGroup;
			children = (
				3B4C6F1313CA3E780053BE86 /* NSAttributedString+Hyperlink.h */,
				3B4C6F1413CA3E780053BE86 /* NSAttributedString+Hyperlink.m */,
				3B20B9ED13C9B329001B3593 /* INAppStoreWindow.h */,
				3B20B9EE13C9B329001B3593 /* INAppStoreWindow.m */,
				3B20B8E713C999B9001B3593 /* Twitter Secret Enabler-Info.plist */,
				3B20B8E813C999B9001B3593 /* InfoPlist.strings */,
				3B20B8EB13C999B9001B3593 /* Twitter Secret Enabler-Prefix.pch */,
				3B20B8EC13C999B9001B3593 /* main.m */,
				3B20B8EE13C999B9001B3593 /* Credits.rtf */,
			);
			name = "Supporting Files";
			sourceTree = "<group>";
		};
/* End PBXGroup section */

/* Begin PBXNativeTarget section */
		3B20B8DA13C999B9001B3593 /* Twitter Secret Enabler */ = {
			isa = PBXNativeTarget;
			buildConfigurationList = 3B20B8F913C999B9001B3593 /* Build configuration list for PBXNativeTarget "Twitter Secret Enabler" */;
			buildPhases = (
				3B20B8D713C999B9001B3593 /* Sources */,
				3B20B8D813C999B9001B3593 /* Frameworks */,
				3B20B8D913C999B9001B3593 /* Resources */,
			);
			buildRules = (
			);
			dependencies = (
			);
			name = "Twitter Secret Enabler";
			productName = "Twitter Secret Enabler";
			productReference = 3B20B8DB13C999B9001B3593 /* Twitter Secret Enabler.app */;
			productType = "com.apple.product-type.application";
		};
/* End PBXNativeTarget section */

/* Begin PBXProject section */
		3B20B8D213C999B9001B3593 /* Project object */ = {
			isa = PBXProject;
			attributes = {
				ORGANIZATIONNAME = "!cHoco Code";
			};
			buildConfigurationList = 3B20B8D513C999B9001B3593 /* Build configuration list for PBXProject "Twitter Secret Enabler" */;
			compatibilityVersion = "Xcode 3.2";
			developmentRegion = English;
			hasScannedForEncodings = 0;
			knownRegions = (
				en,
			);
			mainGroup = 3B20B8D013C999B9001B3593;
			productRefGroup = 3B20B8DC13C999B9001B3593 /* Products */;
			projectDirPath = "";
			projectRoot = "";
			targets = (
				3B20B8DA13C999B9001B3593 /* Twitter Secret Enabler */,
			);
		};
/* End PBXProject section */

/* Begin PBXResourcesBuildPhase section */
		3B20B8D913C999B9001B3593 /* Resources */ = {
			isa = PBXResourcesBuildPhase;
			buildActionMask = 2147483647;
			files = (
				3B20B8EA13C999B9001B3593 /* InfoPlist.strings in Resources */,
				3B20B8F013C999B9001B3593 /* Credits.rtf in Resources */,
				3B20B8F613C999B9001B3593 /* MainMenu.xib in Resources */,
			);
			runOnlyForDeploymentPostprocessing = 0;
		};
/* End PBXResourcesBuildPhase section */

/* Begin PBXSourcesBuildPhase section */
		3B20B8D713C999B9001B3593 /* Sources */ = {
			isa = PBXSourcesBuildPhase;
			buildActionMask = 2147483647;
			files = (
				3B20B8ED13C999B9001B3593 /* main.m in Sources */,
				3B20B8F313C999B9001B3593 /* Twitter_Secret_EnablerAppDelegate.m in Sources */,
				3B20B9EF13C9B329001B3593 /* INAppStoreWindow.m in Sources */,
				3B4C6F1513CA3E780053BE86 /* NSAttributedString+Hyperlink.m in Sources */,
			);
			runOnlyForDeploymentPostprocessing = 0;
		};
/* End PBXSourcesBuildPhase section */

/* Begin PBXVariantGroup section */
		3B20B8E813C999B9001B3593 /* InfoPlist.strings */ = {
			isa = PBXVariantGroup;
			children = (
				3B20B8E913C999B9001B3593 /* en */,
			);
			name = InfoPlist.strings;
			sourceTree = "<group>";
		};
		3B20B8EE13C999B9001B3593 /* Credits.rtf */ = {
			isa = PBXVariantGroup;
			children = (
				3B20B8EF13C999B9001B3593 /* en */,
			);
			name = Credits.rtf;
			sourceTree = "<group>";
		};
		3B20B8F413C999B9001B3593 /* MainMenu.xib */ = {
			isa = PBXVariantGroup;
			children = (
				3B20B8F513C999B9001B3593 /* en */,
			);
			name = MainMenu.xib;
			sourceTree = "<group>";
		};
/* End PBXVariantGroup section */

/* Begin XCBuildConfiguration section */
		3B20B8F713C999B9001B3593 /* Debug */ = {
			isa = XCBuildConfiguration;
			buildSettings = {
				ARCHS = "$(ARCHS_STANDARD_32_64_BIT)";
				GCC_C_LANGUAGE_STANDARD = gnu99;
				GCC_OPTIMIZATION_LEVEL = 0;
				GCC_PREPROCESSOR_DEFINITIONS = NS_BUILD_32_LIKE_64;
				GCC_SYMBOLS_PRIVATE_EXTERN = NO;
				GCC_VERSION = com.apple.compilers.llvm.clang.1_0;
				GCC_WARN_64_TO_32_BIT_CONVERSION = YES;
				GCC_WARN_ABOUT_RETURN_TYPE = YES;
				GCC_WARN_UNUSED_VARIABLE = YES;
				MACOSX_DEPLOYMENT_TARGET = 10.6;
				ONLY_ACTIVE_ARCH = YES;
				SDKROOT = macosx;
			};
			name = Debug;
		};
		3B20B8F813C999B9001B3593 /* Release */ = {
			isa = XCBuildConfiguration;
			buildSettings = {
				ARCHS = "$(ARCHS_STANDARD_32_64_BIT)";
				GCC_C_LANGUAGE_STANDARD = gnu99;
				GCC_PREPROCESSOR_DEFINITIONS = NS_BUILD_32_LIKE_64;
				GCC_VERSION = com.apple.compilers.llvm.clang.1_0;
				GCC_WARN_64_TO_32_BIT_CONVERSION = YES;
				GCC_WARN_ABOUT_RETURN_TYPE = YES;
				GCC_WARN_UNUSED_VARIABLE = YES;
				MACOSX_DEPLOYMENT_TARGET = 10.6;
				SDKROOT = macosx;
			};
			name = Release;
		};
		3B20B8FA13C999B9001B3593 /* Debug */ = {
			isa = XCBuildConfiguration;
			buildSettings = {
				ALWAYS_SEARCH_USER_PATHS = NO;
				COPY_PHASE_STRIP = NO;
				GCC_DYNAMIC_NO_PIC = NO;
				GCC_ENABLE_OBJC_EXCEPTIONS = YES;
				GCC_PRECOMPILE_PREFIX_HEADER = YES;
				GCC_PREFIX_HEADER = "Twitter Secret Enabler/Twitter Secret Enabler-Prefix.pch";
				GCC_PREPROCESSOR_DEFINITIONS = NS_BUILD_32_LIKE_64;
				INFOPLIST_FILE = "Twitter Secret Enabler/Twitter Secret Enabler-Info.plist";
				PRODUCT_NAME = "$(TARGET_NAME)";
				WRAPPER_EXTENSION = app;
			};
			name = Debug;
		};
		3B20B8FB13C999B9001B3593 /* Release */ = {
			isa = XCBuildConfiguration;
			buildSettings = {
				ALWAYS_SEARCH_USER_PATHS = NO;
				COPY_PHASE_STRIP = YES;
				DEBUG_INFORMATION_FORMAT = "dwarf-with-dsym";
				GCC_ENABLE_OBJC_EXCEPTIONS = YES;
				GCC_PRECOMPILE_PREFIX_HEADER = YES;
				GCC_PREFIX_HEADER = "Twitter Secret Enabler/Twitter Secret Enabler-Prefix.pch";
				GCC_PREPROCESSOR_DEFINITIONS = NS_BUILD_32_LIKE_64;
				INFOPLIST_FILE = "Twitter Secret Enabler/Twitter Secret Enabler-Info.plist";
				PRODUCT_NAME = "$(TARGET_NAME)";
				WRAPPER_EXTENSION = app;
			};
			name = Release;
		};
/* End XCBuildConfiguration section */

/* Begin XCConfigurationList section */
		3B20B8D513C999B9001B3593 /* Build configuration list for PBXProject "Twitter Secret Enabler" */ = {
			isa = XCConfigurationList;
			buildConfigurations = (
				3B20B8F713C999B9001B3593 /* Debug */,
				3B20B8F813C999B9001B3593 /* Release */,
			);
			defaultConfigurationIsVisible = 0;
			defaultConfigurationName = Release;
		};
		3B20B8F913C999B9001B3593 /* Build configuration list for PBXNativeTarget "Twitter Secret Enabler" */ = {
			isa = XCConfigurationList;
			buildConfigurations = (
				3B20B8FA13C999B9001B3593 /* Debug */,
				3B20B8FB13C999B9001B3593 /* Release */,
			);
			defaultConfigurationIsVisible = 0;
			defaultConfigurationName = Release;
		};
/* End XCConfigurationList section */
	};
	rootObject = 3B20B8D213C999B9001B3593 /* Project object */;
}
